// !$*UTF8*$!
{
	archiveVersion = 1;
	classes = {
	};
	objectVersion = 90;
	objects = {

/* Begin PBXContainerItemProxy section */
		31A542FA2F28689C00C3153C /* PBXContainerItemProxy */ = {
			isa = PBXContainerItemProxy;
			containerPortal = 31A542E22F28689A00C3153C /* Project object */;
			proxyType = 1;
			remoteGlobalIDString = 31A542E92F28689A00C3153C;
			remoteInfo = Openrouter;
		};
		31A543042F28689C00C3153C /* PBXContainerItemProxy */ = {
			isa = PBXContainerItemProxy;
			containerPortal = 31A542E22F28689A00C3153C /* Project object */;
			proxyType = 1;
			remoteGlobalIDString = 31A542E92F28689A00C3153C;
			remoteInfo = Openrouter;
		};
/* End PBXContainerItemProxy section */

/* Begin PBXFileReference section */
		31A542EA2F28689A00C3153C /* Openrouter.app */ = {isa = PBXFileReference; explicitFileType = wrapper.application; includeInIndex = 0; path = Openrouter.app; sourceTree = BUILT_PRODUCTS_DIR; };
		31A542F92F28689C00C3153C /* OpenrouterTests.xctest */ = {isa = PBXFileReference; explicitFileType = wrapper.cfbundle; includeInIndex = 0; path = OpenrouterTests.xctest; sourceTree = BUILT_PRODUCTS_DIR; };
		31A543032F28689C00C3153C /* OpenrouterUITests.xctest */ = {isa = PBXFileReference; explicitFileType = wrapper.cfbundle; includeInIndex = 0; path = OpenrouterUITests.xctest; sourceTree = BUILT_PRODUCTS_DIR; };
/* End PBXFileReference section */

/* Begin PBXFileSystemSynchronizedRootGroup section */
		31A542EC2F28689A00C3153C /* Openrouter */ = {
			isa = PBXFileSystemSynchronizedRootGroup;
			path = Openrouter;
			sourceTree = "<group>";
		};
		31A542FC2F28689C00C3153C /* OpenrouterTests */ = {
			isa = PBXFileSystemSynchronizedRootGroup;
			path = OpenrouterTests;
			sourceTree = "<group>";
		};
		31A543062F28689C00C3153C /* OpenrouterUITests */ = {
			isa = PBXFileSystemSynchronizedRootGroup;
			path = OpenrouterUITests;
			sourceTree = "<group>";
		};
/* End PBXFileSystemSynchronizedRootGroup section */

/* Begin PBXFrameworksBuildPhase section */
		31A542E72F28689A00C3153C /* Frameworks */ = {
			isa = PBXFrameworksBuildPhase;
			files = (
			);
		};
		31A542F62F28689C00C3153C /* Frameworks */ = {
			isa = PBXFrameworksBuildPhase;
			files = (
			);
		};
		31A543002F28689C00C3153C /* Frameworks */ = {
			isa = PBXFrameworksBuildPhase;
			files = (
			);
		};
/* End PBXFrameworksBuildPhase section */

/* Begin PBXGroup section */
		31A542E12F28689A00C3153C = {
			isa = PBXGroup;
			children = (
				31A542EC2F28689A00C3153C /* Openrouter */,
				31A542FC2F28689C00C3153C /* OpenrouterTests */,
				31A543062F28689C00C3153C /* OpenrouterUITests */,
				31A542EB2F28689A00C3153C /* Products */,
			);
			sourceTree = "<group>";
		};
		31A542EB2F28689A00C3153C /* Products */ = {
			isa = PBXGroup;
			children = (
				31A542EA2F28689A00C3153C /* Openrouter.app */,
				31A542F92F28689C00C3153C /* OpenrouterTests.xctest */,
				31A543032F28689C00C3153C /* OpenrouterUITests.xctest */,
			);
			name = Products;
			sourceTree = "<group>";
		};
/* End PBXGroup section */

/* Begin PBXNativeTarget section */
		31A542E92F28689A00C3153C /* Openrouter */ = {
			isa = PBXNativeTarget;
			buildConfigurationList = 31A5430D2F28689C00C3153C /* Build configuration list for PBXNativeTarget "Openrouter" */;
			buildPhases = (
				31A542E62F28689A00C3153C /* Sources */,
				31A542E72F28689A00C3153C /* Frameworks */,
				31A542E82F28689A00C3153C /* Resources */,
			);
			buildRules = (
			);
			fileSystemSynchronizedGroups = (
				31A542EC2F28689A00C3153C /* Openrouter */,
			);
			name = Openrouter;
			productName = Openrouter;
			productReference = 31A542EA2F28689A00C3153C /* Openrouter.app */;
			productType = "com.apple.product-type.application";
		};
		31A542F82F28689C00C3153C /* OpenrouterTests */ = {
			isa = PBXNativeTarget;
			buildConfigurationList = 31A543102F28689C00C3153C /* Build configuration list for PBXNativeTarget "OpenrouterTests" */;
			buildPhases = (
				31A542F52F28689C00C3153C /* Sources */,
				31A542F62F28689C00C3153C /* Frameworks */,
				31A542F72F28689C00C3153C /* Resources */,
			);
			buildRules = (
			);
			dependencies = (
				31A542FB2F28689C00C3153C /* PBXTargetDependency */,
			);
			fileSystemSynchronizedGroups = (
				31A542FC2F28689C00C3153C /* OpenrouterTests */,
			);
			name = OpenrouterTests;
			productName = OpenrouterTests;
			productReference = 31A542F92F28689C00C3153C /* OpenrouterTests.xctest */;
			productType = "com.apple.product-type.bundle.unit-test";
		};
		31A543022F28689C00C3153C /* OpenrouterUITests */ = {
			isa = PBXNativeTarget;
			buildConfigurationList = 31A543132F28689C00C3153C /* Build configuration list for PBXNativeTarget "OpenrouterUITests" */;
			buildPhases = (
				31A542FF2F28689C00C3153C /* Sources */,
				31A543002F28689C00C3153C /* Frameworks */,
				31A543012F28689C00C3153C /* Resources */,
			);
			buildRules = (
			);
			dependencies = (
				31A543052F28689C00C3153C /* PBXTargetDependency */,
			);
			fileSystemSynchronizedGroups = (
				31A543062F28689C00C3153C /* OpenrouterUITests */,
			);
			name = OpenrouterUITests;
			productName = OpenrouterUITests;
			productReference = 31A543032F28689C00C3153C /* OpenrouterUITests.xctest */;
			productType = "com.apple.product-type.bundle.ui-testing";
		};
/* End PBXNativeTarget section */

/* Begin PBXProject section */
		31A542E22F28689A00C3153C /* Project object */ = {
			isa = PBXProject;
			attributes = {
				BuildIndependentTargetsInParallel = 1;
				LastSwiftUpdateCheck = 2620;
				LastUpgradeCheck = 2620;
				TargetAttributes = {
					31A542E92F28689A00C3153C = {
						CreatedOnToolsVersion = 26.2;
					};
					31A542F82F28689C00C3153C = {
						CreatedOnToolsVersion = 26.2;
						TestTargetID = 31A542E92F28689A00C3153C;
					};
					31A543022F28689C00C3153C = {
						CreatedOnToolsVersion = 26.2;
						TestTargetID = 31A542E92F28689A00C3153C;
					};
				};
			};
			buildConfigurationList = 31A542E52F28689A00C3153C /* Build configuration list for PBXProject "Openrouter" */;
			developmentRegion = en;
			hasScannedForEncodings = 0;
			knownRegions = (
				en,
				Base,
			);
			mainGroup = 31A542E12F28689A00C3153C;
			minimizedProjectReferenceProxies = 1;
			preferredProjectObjectVersion = 90;
			productRefGroup = 31A542EB2F28689A00C3153C /* Products */;
			projectDirPath = "";
			projectRoot = "";
			targets = (
				31A542E92F28689A00C3153C /* Openrouter */,
				31A542F82F28689C00C3153C /* OpenrouterTests */,
				31A543022F28689C00C3153C /* OpenrouterUITests */,
			);
		};
/* End PBXProject section */

/* Begin PBXResourcesBuildPhase section */
		31A542E82F28689A00C3153C /* Resources */ = {
			isa = PBXResourcesBuildPhase;
			files = (
			);
		};
		31A542F72F28689C00C3153C /* Resources */ = {
			isa = PBXResourcesBuildPhase;
			files = (
			);
		};
		31A543012F28689C00C3153C /* Resources */ = {
			isa = PBXResourcesBuildPhase;
			files = (
			);
		};
/* End PBXResourcesBuildPhase section */

/* Begin PBXSourcesBuildPhase section */
		31A542E62F28689A00C3153C /* Sources */ = {
			isa = PBXSourcesBuildPhase;
			files = (
			);
		};
		31A542F52F28689C00C3153C /* Sources */ = {
			isa = PBXSourcesBuildPhase;
			files = (
			);
		};
		31A542FF2F28689C00C3153C /* Sources */ = {
			isa = PBXSourcesBuildPhase;
			files = (
			);
		};
/* End PBXSourcesBuildPhase section */

/* Begin PBXTargetDependency section */
		31A542FB2F28689C00C3153C /* PBXTargetDependency */ = {
			isa = PBXTargetDependency;
			target = 31A542E92F28689A00C3153C /* Openrouter */;
			targetProxy = 31A542FA2F28689C00C3153C /* PBXContainerItemProxy */;
		};
		31A543052F28689C00C3153C /* PBXTargetDependency */ = {
			isa = PBXTargetDependency;
			target = 31A542E92F28689A00C3153C /* Openrouter */;
			targetProxy = 31A543042F28689C00C3153C /* PBXContainerItemProxy */;
		};
/* End PBXTargetDependency section */

/* Begin XCBuildConfiguration section */
		31A5430B2F28689C00C3153C /* Debug configuration for PBXProject "Openrouter" */ = {
			isa = XCBuildConfiguration;
			buildSettings = {
				ALWAYS_SEARCH_USER_PATHS = NO;
				ASSETCATALOG_COMPILER_GENERATE_SWIFT_ASSET_SYMBOL_EXTENSIONS = YES;
				CLANG_ANALYZER_NONNULL = YES;
				CLANG_ANALYZER_NUMBER_OBJECT_CONVERSION = YES_AGGRESSIVE;
				CLANG_CXX_LANGUAGE_STANDARD = "gnu++20";
				CLANG_ENABLE_MODULES = YES;
				CLANG_ENABLE_OBJC_ARC = YES;
				CLANG_ENABLE_OBJC_WEAK = YES;
				CLANG_WARN_BLOCK_CAPTURE_AUTORELEASING = YES;
				CLANG_WARN_BOOL_CONVERSION = YES;
				CLANG_WARN_COMMA = YES;
				CLANG_WARN_CONSTANT_CONVERSION = YES;
				CLANG_WARN_DEPRECATED_OBJC_IMPLEMENTATIONS = YES;
				CLANG_WARN_DIRECT_OBJC_ISA_USAGE = YES_ERROR;
				CLANG_WARN_DOCUMENTATION_COMMENTS = YES;
				CLANG_WARN_EMPTY_BODY = YES;
				CLANG_WARN_ENUM_CONVERSION = YES;
				CLANG_WARN_INFINITE_RECURSION = YES;
				CLANG_WARN_INT_CONVERSION = YES;
				CLANG_WARN_NON_LITERAL_NULL_CONVERSION = YES;
				CLANG_WARN_OBJC_IMPLICIT_RETAIN_SELF = YES;
				CLANG_WARN_OBJC_LITERAL_CONVERSION = YES;
				CLANG_WARN_OBJC_ROOT_CLASS = YES_ERROR;
				CLANG_WARN_QUOTED_INCLUDE_IN_FRAMEWORK_HEADER = YES;
				CLANG_WARN_RANGE_LOOP_ANALYSIS = YES;
				CLANG_WARN_STRICT_PROTOTYPES = YES;
				CLANG_WARN_SUSPICIOUS_MOVE = YES;
				CLANG_WARN_UNGUARDED_AVAILABILITY = YES_AGGRESSIVE;
				CLANG_WARN_UNREACHABLE_CODE = YES;
				CLANG_WARN__DUPLICATE_METHOD_MATCH = YES;
				COPY_PHASE_STRIP = NO;
				DEBUG_INFORMATION_FORMAT = dwarf;
				DEVELOPMENT_TEAM = N2V5RLPP86;
				ENABLE_STRICT_OBJC_MSGSEND = YES;
				ENABLE_TESTABILITY = YES;
				ENABLE_USER_SCRIPT_SANDBOXING = YES;
				GCC_C_LANGUAGE_STANDARD = gnu17;
				GCC_DYNAMIC_NO_PIC = NO;
				GCC_NO_COMMON_BLOCKS = YES;
				GCC_OPTIMIZATION_LEVEL = 0;
				GCC_PREPROCESSOR_DEFINITIONS = (
					"DEBUG=1",
					"$(inherited)",
				);
				GCC_WARN_64_TO_32_BIT_CONVERSION = YES;
				GCC_WARN_ABOUT_RETURN_TYPE = YES_ERROR;
				GCC_WARN_UNDECLARED_SELECTOR = YES;
				GCC_WARN_UNINITIALIZED_AUTOS = YES_AGGRESSIVE;
				GCC_WARN_UNUSED_FUNCTION = YES;
				GCC_WARN_UNUSED_VARIABLE = YES;
				LOCALIZATION_PREFERS_STRING_CATALOGS = YES;
				MTL_ENABLE_DEBUG_INFO = INCLUDE_SOURCE;
				MTL_FAST_MATH = YES;
				ONLY_ACTIVE_ARCH = YES;
				SWIFT_ACTIVE_COMPILATION_CONDITIONS = "DEBUG $(inherited)";
				SWIFT_OPTIMIZATION_LEVEL = "-Onone";
			};
			name = Debug;
		};
		31A5430C2F28689C00C3153C /* Release configuration for PBXProject "Openrouter" */ = {
			isa = XCBuildConfiguration;
			buildSettings = {
				ALWAYS_SEARCH_USER_PATHS = NO;
				ASSETCATALOG_COMPILER_GENERATE_SWIFT_ASSET_SYMBOL_EXTENSIONS = YES;
				CLANG_ANALYZER_NONNULL = YES;
				CLANG_ANALYZER_NUMBER_OBJECT_CONVERSION = YES_AGGRESSIVE;
				CLANG_CXX_LANGUAGE_STANDARD = "gnu++20";
				CLANG_ENABLE_MODULES = YES;
				CLANG_ENABLE_OBJC_ARC = YES;
				CLANG_ENABLE_OBJC_WEAK = YES;
				CLANG_WARN_BLOCK_CAPTURE_AUTORELEASING = YES;
				CLANG_WARN_BOOL_CONVERSION = YES;
				CLANG_WARN_COMMA = YES;
				CLANG_WARN_CONSTANT_CONVERSION = YES;
				CLANG_WARN_DEPRECATED_OBJC_IMPLEMENTATIONS = YES;
				CLANG_WARN_DIRECT_OBJC_ISA_USAGE = YES_ERROR;
				CLANG_WARN_DOCUMENTATION_COMMENTS = YES;
				CLANG_WARN_EMPTY_BODY = YES;
				CLANG_WARN_ENUM_CONVERSION = YES;
				CLANG_WARN_INFINITE_RECURSION = YES;
				CLANG_WARN_INT_CONVERSION = YES;
				CLANG_WARN_NON_LITERAL_NULL_CONVERSION = YES;
				CLANG_WARN_OBJC_IMPLICIT_RETAIN_SELF = YES;
				CLANG_WARN_OBJC_LITERAL_CONVERSION = YES;
				CLANG_WARN_OBJC_ROOT_CLASS = YES_ERROR;
				CLANG_WARN_QUOTED_INCLUDE_IN_FRAMEWORK_HEADER = YES;
				CLANG_WARN_RANGE_LOOP_ANALYSIS = YES;
				CLANG_WARN_STRICT_PROTOTYPES = YES;
				CLANG_WARN_SUSPICIOUS_MOVE = YES;
				CLANG_WARN_UNGUARDED_AVAILABILITY = YES_AGGRESSIVE;
				CLANG_WARN_UNREACHABLE_CODE = YES;
				CLANG_WARN__DUPLICATE_METHOD_MATCH = YES;
				COPY_PHASE_STRIP = NO;
				DEBUG_INFORMATION_FORMAT = "dwarf-with-dsym";
				DEVELOPMENT_TEAM = N2V5RLPP86;
				ENABLE_NS_ASSERTIONS = NO;
				ENABLE_STRICT_OBJC_MSGSEND = YES;
				ENABLE_USER_SCRIPT_SANDBOXING = YES;
				GCC_C_LANGUAGE_STANDARD = gnu17;
				GCC_NO_COMMON_BLOCKS = YES;
				GCC_WARN_64_TO_32_BIT_CONVERSION = YES;
				GCC_WARN_ABOUT_RETURN_TYPE = YES_ERROR;
				GCC_WARN_UNDECLARED_SELECTOR = YES;
				GCC_WARN_UNINITIALIZED_AUTOS = YES_AGGRESSIVE;
				GCC_WARN_UNUSED_FUNCTION = YES;
				GCC_WARN_UNUSED_VARIABLE = YES;
				LOCALIZATION_PREFERS_STRING_CATALOGS = YES;
				MTL_ENABLE_DEBUG_INFO = NO;
				MTL_FAST_MATH = YES;
				SWIFT_COMPILATION_MODE = wholemodule;
			};
			name = Release;
		};
		31A5430E2F28689C00C3153C /* Debug configuration for PBXNativeTarget "Openrouter" */ = {
			isa = XCBuildConfiguration;
			buildSettings = {
				ASSETCATALOG_COMPILER_APPICON_NAME = AppIcon;
				ASSETCATALOG_COMPILER_GLOBAL_ACCENT_COLOR_NAME = AccentColor;
				CODE_SIGN_STYLE = Automatic;
				CURRENT_PROJECT_VERSION = 1;
				DEVELOPMENT_TEAM = N2V5RLPP86;
				ENABLE_APP_SANDBOX = YES;
				ENABLE_HARDENED_RUNTIME = YES;
				ENABLE_PREVIEWS = YES;
				ENABLE_USER_SELECTED_FILES = readonly;
				GENERATE_INFOPLIST_FILE = YES;
				"INFOPLIST_KEY_UIApplicationSceneManifest_Generation[sdk=iphoneos*]" = YES;
				"INFOPLIST_KEY_UIApplicationSceneManifest_Generation[sdk=iphonesimulator*]" = YES;
				"INFOPLIST_KEY_UIApplicationSupportsIndirectInputEvents[sdk=iphoneos*]" = YES;
				"INFOPLIST_KEY_UIApplicationSupportsIndirectInputEvents[sdk=iphonesimulator*]" = YES;
				"INFOPLIST_KEY_UILaunchScreen_Generation[sdk=iphoneos*]" = YES;
				"INFOPLIST_KEY_UILaunchScreen_Generation[sdk=iphonesimulator*]" = YES;
				"INFOPLIST_KEY_UIStatusBarStyle[sdk=iphoneos*]" = UIStatusBarStyleDefault;
				"INFOPLIST_KEY_UIStatusBarStyle[sdk=iphonesimulator*]" = UIStatusBarStyleDefault;
				INFOPLIST_KEY_UISupportedInterfaceOrientations_iPad = "UIInterfaceOrientationPortrait UIInterfaceOrientationPortraitUpsideDown UIInterfaceOrientationLandscapeLeft UIInterfaceOrientationLandscapeRight";
				INFOPLIST_KEY_UISupportedInterfaceOrientations_iPhone = "UIInterfaceOrientationPortrait UIInterfaceOrientationLandscapeLeft UIInterfaceOrientationLandscapeRight";
				IPHONEOS_DEPLOYMENT_TARGET = 18.6;
				LD_RUNPATH_SEARCH_PATHS = "@executable_path/Frameworks";
				"LD_RUNPATH_SEARCH_PATHS[sdk=macosx*]" = "@executable_path/../Frameworks";
				MACOSX_DEPLOYMENT_TARGET = 15.6;
				MARKETING_VERSION = 1.0;
				PRODUCT_BUNDLE_IDENTIFIER = denn.Openrouter;
				PRODUCT_NAME = "$(TARGET_NAME)";
				REGISTER_APP_GROUPS = YES;
				SDKROOT = auto;
				STRING_CATALOG_GENERATE_SYMBOLS = YES;
				SUPPORTED_PLATFORMS = "iphoneos iphonesimulator macosx xros xrsimulator";
				SWIFT_APPROACHABLE_CONCURRENCY = YES;
				SWIFT_DEFAULT_ACTOR_ISOLATION = MainActor;
				SWIFT_EMIT_LOC_STRINGS = YES;
				SWIFT_UPCOMING_FEATURE_MEMBER_IMPORT_VISIBILITY = YES;
				SWIFT_VERSION = 5.0;
				TARGETED_DEVICE_FAMILY = "1,2,7";
				XROS_DEPLOYMENT_TARGET = 2.6;
			};
			name = Debug;
		};
		31A5430F2F28689C00C3153C /* Release configuration for PBXNativeTarget "Openrouter" */ = {
			isa = XCBuildConfiguration;
			buildSettings = {
				ASSETCATALOG_COMPILER_APPICON_NAME = AppIcon;
				ASSETCATALOG_COMPILER_GLOBAL_ACCENT_COLOR_NAME = AccentColor;
				CODE_SIGN_STYLE = Automatic;
				CURRENT_PROJECT_VERSION = 1;
				DEVELOPMENT_TEAM = N2V5RLPP86;
				ENABLE_APP_SANDBOX = YES;
				ENABLE_HARDENED_RUNTIME = YES;
				ENABLE_PREVIEWS = YES;
				ENABLE_USER_SELECTED_FILES = readonly;
				GENERATE_INFOPLIST_FILE = YES;
				"INFOPLIST_KEY_UIApplicationSceneManifest_Generation[sdk=iphoneos*]" = YES;
				"INFOPLIST_KEY_UIApplicationSceneManifest_Generation[sdk=iphonesimulator*]" = YES;
				"INFOPLIST_KEY_UIApplicationSupportsIndirectInputEvents[sdk=iphoneos*]" = YES;
				"INFOPLIST_KEY_UIApplicationSupportsIndirectInputEvents[sdk=iphonesimulator*]" = YES;
				"INFOPLIST_KEY_UILaunchScreen_Generation[sdk=iphoneos*]" = YES;
				"INFOPLIST_KEY_UILaunchScreen_Generation[sdk=iphonesimulator*]" = YES;
				"INFOPLIST_KEY_UIStatusBarStyle[sdk=iphoneos*]" = UIStatusBarStyleDefault;
				"INFOPLIST_KEY_UIStatusBarStyle[sdk=iphonesimulator*]" = UIStatusBarStyleDefault;
				INFOPLIST_KEY_UISupportedInterfaceOrientations_iPad = "UIInterfaceOrientationPortrait UIInterfaceOrientationPortraitUpsideDown UIInterfaceOrientationLandscapeLeft UIInterfaceOrientationLandscapeRight";
				INFOPLIST_KEY_UISupportedInterfaceOrientations_iPhone = "UIInterfaceOrientationPortrait UIInterfaceOrientationLandscapeLeft UIInterfaceOrientationLandscapeRight";
				IPHONEOS_DEPLOYMENT_TARGET = 18.6;
				LD_RUNPATH_SEARCH_PATHS = "@executable_path/Frameworks";
				"LD_RUNPATH_SEARCH_PATHS[sdk=macosx*]" = "@executable_path/../Frameworks";
				MACOSX_DEPLOYMENT_TARGET = 15.6;
				MARKETING_VERSION = 1.0;
				PRODUCT_BUNDLE_IDENTIFIER = denn.Openrouter;
				PRODUCT_NAME = "$(TARGET_NAME)";
				REGISTER_APP_GROUPS = YES;
				SDKROOT = auto;
				STRING_CATALOG_GENERATE_SYMBOLS = YES;
				SUPPORTED_PLATFORMS = "iphoneos iphonesimulator macosx xros xrsimulator";
				SWIFT_APPROACHABLE_CONCURRENCY = YES;
				SWIFT_DEFAULT_ACTOR_ISOLATION = MainActor;
				SWIFT_EMIT_LOC_STRINGS = YES;
				SWIFT_UPCOMING_FEATURE_MEMBER_IMPORT_VISIBILITY = YES;
				SWIFT_VERSION = 5.0;
				TARGETED_DEVICE_FAMILY = "1,2,7";
				XROS_DEPLOYMENT_TARGET = 2.6;
			};
			name = Release;
		};
		31A543112F28689C00C3153C /* Debug configuration for PBXNativeTarget "OpenrouterTests" */ = {
			isa = XCBuildConfiguration;
			buildSettings = {
				BUNDLE_LOADER = "$(TEST_HOST)";
				CODE_SIGN_STYLE = Automatic;
				CURRENT_PROJECT_VERSION = 1;
				DEVELOPMENT_TEAM = N2V5RLPP86;
				GENERATE_INFOPLIST_FILE = YES;
				IPHONEOS_DEPLOYMENT_TARGET = 26.2;
				MACOSX_DEPLOYMENT_TARGET = 26.2;
				MARKETING_VERSION = 1.0;
				PRODUCT_BUNDLE_IDENTIFIER = denn.OpenrouterTests;
				PRODUCT_NAME = "$(TARGET_NAME)";
				SDKROOT = auto;
				STRING_CATALOG_GENERATE_SYMBOLS = NO;
				SUPPORTED_PLATFORMS = "iphoneos iphonesimulator macosx xros xrsimulator";
				SWIFT_APPROACHABLE_CONCURRENCY = YES;
				SWIFT_EMIT_LOC_STRINGS = NO;
				SWIFT_UPCOMING_FEATURE_MEMBER_IMPORT_VISIBILITY = YES;
				SWIFT_VERSION = 5.0;
				TARGETED_DEVICE_FAMILY = "1,2,7";
				TEST_HOST = "$(BUILT_PRODUCTS_DIR)/Openrouter.app/$(BUNDLE_EXECUTABLE_FOLDER_PATH)/Openrouter";
				XROS_DEPLOYMENT_TARGET = 26.2;
			};
			name = Debug;
		};
		31A543122F28689C00C3153C /* Release configuration for PBXNativeTarget "OpenrouterTests" */ = {
			isa = XCBuildConfiguration;
			buildSettings = {
				BUNDLE_LOADER = "$(TEST_HOST)";
				CODE_SIGN_STYLE = Automatic;
				CURRENT_PROJECT_VERSION = 1;
				DEVELOPMENT_TEAM = N2V5RLPP86;
				GENERATE_INFOPLIST_FILE = YES;
				IPHONEOS_DEPLOYMENT_TARGET = 26.2;
				MACOSX_DEPLOYMENT_TARGET = 26.2;
				MARKETING_VERSION = 1.0;
				PRODUCT_BUNDLE_IDENTIFIER = denn.OpenrouterTests;
				PRODUCT_NAME = "$(TARGET_NAME)";
				SDKROOT = auto;
				STRING_CATALOG_GENERATE_SYMBOLS = NO;
				SUPPORTED_PLATFORMS = "iphoneos iphonesimulator macosx xros xrsimulator";
				SWIFT_APPROACHABLE_CONCURRENCY = YES;
				SWIFT_EMIT_LOC_STRINGS = NO;
				SWIFT_UPCOMING_FEATURE_MEMBER_IMPORT_VISIBILITY = YES;
				SWIFT_VERSION = 5.0;
				TARGETED_DEVICE_FAMILY = "1,2,7";
				TEST_HOST = "$(BUILT_PRODUCTS_DIR)/Openrouter.app/$(BUNDLE_EXECUTABLE_FOLDER_PATH)/Openrouter";
				XROS_DEPLOYMENT_TARGET = 26.2;
			};
			name = Release;
		};
		31A543142F28689C00C3153C /* Debug configuration for PBXNativeTarget "OpenrouterUITests" */ = {
			isa = XCBuildConfiguration;
			buildSettings = {
				CODE_SIGN_STYLE = Automatic;
				CURRENT_PROJECT_VERSION = 1;
				DEVELOPMENT_TEAM = N2V5RLPP86;
				GENERATE_INFOPLIST_FILE = YES;
				IPHONEOS_DEPLOYMENT_TARGET = 26.2;
				MACOSX_DEPLOYMENT_TARGET = 26.2;
				MARKETING_VERSION = 1.0;
				PRODUCT_BUNDLE_IDENTIFIER = denn.OpenrouterUITests;
				PRODUCT_NAME = "$(TARGET_NAME)";
				SDKROOT = auto;
				STRING_CATALOG_GENERATE_SYMBOLS = NO;
				SUPPORTED_PLATFORMS = "iphoneos iphonesimulator macosx xros xrsimulator";
				SWIFT_APPROACHABLE_CONCURRENCY = YES;
				SWIFT_EMIT_LOC_STRINGS = NO;
				SWIFT_UPCOMING_FEATURE_MEMBER_IMPORT_VISIBILITY = YES;
				SWIFT_VERSION = 5.0;
				TARGETED_DEVICE_FAMILY = "1,2,7";
				TEST_TARGET_NAME = Openrouter;
				XROS_DEPLOYMENT_TARGET = 26.2;
			};
			name = Debug;
		};
		31A543152F28689C00C3153C /* Release configuration for PBXNativeTarget "OpenrouterUITests" */ = {
			isa = XCBuildConfiguration;
			buildSettings = {
				CODE_SIGN_STYLE = Automatic;
				CURRENT_PROJECT_VERSION = 1;
				DEVELOPMENT_TEAM = N2V5RLPP86;
				GENERATE_INFOPLIST_FILE = YES;
				IPHONEOS_DEPLOYMENT_TARGET = 26.2;
				MACOSX_DEPLOYMENT_TARGET = 26.2;
				MARKETING_VERSION = 1.0;
				PRODUCT_BUNDLE_IDENTIFIER = denn.OpenrouterUITests;
				PRODUCT_NAME = "$(TARGET_NAME)";
				SDKROOT = auto;
				STRING_CATALOG_GENERATE_SYMBOLS = NO;
				SUPPORTED_PLATFORMS = "iphoneos iphonesimulator macosx xros xrsimulator";
				SWIFT_APPROACHABLE_CONCURRENCY = YES;
				SWIFT_EMIT_LOC_STRINGS = NO;
				SWIFT_UPCOMING_FEATURE_MEMBER_IMPORT_VISIBILITY = YES;
				SWIFT_VERSION = 5.0;
				TARGETED_DEVICE_FAMILY = "1,2,7";
				TEST_TARGET_NAME = Openrouter;
				XROS_DEPLOYMENT_TARGET = 26.2;
			};
			name = Release;
		};
/* End XCBuildConfiguration section */

/* Begin XCConfigurationList section */
		31A542E52F28689A00C3153C /* Build configuration list for PBXProject "Openrouter" */ = {
			isa = XCConfigurationList;
			buildConfigurations = (
				31A5430B2F28689C00C3153C /* Debug configuration for PBXProject "Openrouter" */,
				31A5430C2F28689C00C3153C /* Release configuration for PBXProject "Openrouter" */,
			);
			defaultConfigurationName = Release;
		};
		31A5430D2F28689C00C3153C /* Build configuration list for PBXNativeTarget "Openrouter" */ = {
			isa = XCConfigurationList;
			buildConfigurations = (
				31A5430E2F28689C00C3153C /* Debug configuration for PBXNativeTarget "Openrouter" */,
				31A5430F2F28689C00C3153C /* Release configuration for PBXNativeTarget "Openrouter" */,
			);
			defaultConfigurationName = Release;
		};
		31A543102F28689C00C3153C /* Build configuration list for PBXNativeTarget "OpenrouterTests" */ = {
			isa = XCConfigurationList;
			buildConfigurations = (
				31A543112F28689C00C3153C /* Debug configuration for PBXNativeTarget "OpenrouterTests" */,
				31A543122F28689C00C3153C /* Release configuration for PBXNativeTarget "OpenrouterTests" */,
			);
			defaultConfigurationName = Release;
		};
		31A543132F28689C00C3153C /* Build configuration list for PBXNativeTarget "OpenrouterUITests" */ = {
			isa = XCConfigurationList;
			buildConfigurations = (
				31A543142F28689C00C3153C /* Debug configuration for PBXNativeTarget "OpenrouterUITests" */,
				31A543152F28689C00C3153C /* Release configuration for PBXNativeTarget "OpenrouterUITests" */,
			);
			defaultConfigurationName = Release;
		};
/* End XCConfigurationList section */
	};
	rootObject = 31A542E22F28689A00C3153C /* Project object */;
}
